// !$*UTF8*$!
{
	archiveVersion = 1;
	classes = {
	};
	objectVersion = 46;
	objects = {

/* Begin PBXBuildFile section */
		3B9CADDC1E332036009DBA39 /* SuperpoweredSDK in Resources */ = {isa = PBXBuildFile; fileRef = 3B9CADDB1E332036009DBA39 /* SuperpoweredSDK */; };
		3BA57F1F1E3322370002015D /* AppDelegate.swift in Sources */ = {isa = PBXBuildFile; fileRef = 3BA57F141E3322370002015D /* AppDelegate.swift */; };
		3BA57F201E3322370002015D /* Assets.xcassets in Resources */ = {isa = PBXBuildFile; fileRef = 3BA57F151E3322370002015D /* Assets.xcassets */; };
		3BA57F211E3322370002015D /* LaunchScreen.storyboard in Resources */ = {isa = PBXBuildFile; fileRef = 3BA57F161E3322370002015D /* LaunchScreen.storyboard */; };
		3BA57F221E3322370002015D /* Main.storyboard in Resources */ = {isa = PBXBuildFile; fileRef = 3BA57F181E3322370002015D /* Main.storyboard */; };
		3BA57F231E3322370002015D /* Info.plist in Resources */ = {isa = PBXBuildFile; fileRef = 3BA57F1A1E3322370002015D /* Info.plist */; };
		3BA57F241E3322370002015D /* SongCrypt.xcdatamodeld in Sources */ = {isa = PBXBuildFile; fileRef = 3BA57F1B1E3322370002015D /* SongCrypt.xcdatamodeld */; };
		3BA57F251E3322370002015D /* SongEncoder.swift in Sources */ = {isa = PBXBuildFile; fileRef = 3BA57F1D1E3322370002015D /* SongEncoder.swift */; };
		3BA57F261E3322370002015D /* ViewController.swift in Sources */ = {isa = PBXBuildFile; fileRef = 3BA57F1E1E3322370002015D /* ViewController.swift */; };
		3BA57F551E3322420002015D /* SuperpoweredAndroidAudioIO.cpp in Sources */ = {isa = PBXBuildFile; fileRef = 3BA57F291E3322420002015D /* SuperpoweredAndroidAudioIO.cpp */; };
		3BA57F561E3322420002015D /* libSuperpoweredAndroidarm64-v8a.a in Frameworks */ = {isa = PBXBuildFile; fileRef = 3BA57F2C1E3322420002015D /* libSuperpoweredAndroidarm64-v8a.a */; };
		3BA57F571E3322420002015D /* libSuperpoweredAndroidarmeabi-v7a.a in Frameworks */ = {isa = PBXBuildFile; fileRef = 3BA57F2D1E3322420002015D /* libSuperpoweredAndroidarmeabi-v7a.a */; };
		3BA57F581E3322420002015D /* libSuperpoweredAndroidx86.a in Frameworks */ = {isa = PBXBuildFile; fileRef = 3BA57F2E1E3322420002015D /* libSuperpoweredAndroidx86.a */; };
		3BA57F591E3322420002015D /* libSuperpoweredAndroidx86_64.a in Frameworks */ = {isa = PBXBuildFile; fileRef = 3BA57F2F1E3322420002015D /* libSuperpoweredAndroidx86_64.a */; };
		3BA57F5A1E3322420002015D /* libSuperpoweredAudioIOS.a in Frameworks */ = {isa = PBXBuildFile; fileRef = 3BA57F301E3322420002015D /* libSuperpoweredAudioIOS.a */; };
		3BA57F5B1E3322420002015D /* libSuperpoweredAudioOSX.a in Frameworks */ = {isa = PBXBuildFile; fileRef = 3BA57F311E3322420002015D /* libSuperpoweredAudioOSX.a */; };
		3BA57F5C1E3322420002015D /* libSuperpoweredAudiotvOS.a in Frameworks */ = {isa = PBXBuildFile; fileRef = 3BA57F321E3322420002015D /* libSuperpoweredAudiotvOS.a */; };
		3BA57F5D1E3322420002015D /* SuperpoweredIOSAudioIO.mm in Sources */ = {isa = PBXBuildFile; fileRef = 3BA57F441E3322420002015D /* SuperpoweredIOSAudioIO.mm */; };
		3BA57F5E1E3322420002015D /* SuperpoweredNBandEQ.cpp in Sources */ = {isa = PBXBuildFile; fileRef = 3BA57F471E3322420002015D /* SuperpoweredNBandEQ.cpp */; };
		3BA57F5F1E3322420002015D /* SuperpoweredOSXAudioIO.mm in Sources */ = {isa = PBXBuildFile; fileRef = 3BA57F4A1E3322420002015D /* SuperpoweredOSXAudioIO.mm */; };
		3BA57F601E3322420002015D /* SuperpoweredtvOSAudioIO.mm in Sources */ = {isa = PBXBuildFile; fileRef = 3BA57F531E3322420002015D /* SuperpoweredtvOSAudioIO.mm */; };
/* End PBXBuildFile section */

/* Begin PBXFileReference section */
		3B9CADC11E331D54009DBA39 /* SongCrypt.app */ = {isa = PBXFileReference; explicitFileType = wrapper.application; includeInIndex = 0; path = SongCrypt.app; sourceTree = BUILT_PRODUCTS_DIR; };
		3B9CADDB1E332036009DBA39 /* SuperpoweredSDK */ = {isa = PBXFileReference; lastKnownFileType = folder; name = SuperpoweredSDK; path = /Users/rps214/Documents/Development/SongCrypt/SongCrypt/SuperpoweredSDK; sourceTree = "<absolute>"; };
		3BA57F141E3322370002015D /* AppDelegate.swift */ = {isa = PBXFileReference; fileEncoding = 4; lastKnownFileType = sourcecode.swift; path = AppDelegate.swift; sourceTree = "<group>"; };
		3BA57F151E3322370002015D /* Assets.xcassets */ = {isa = PBXFileReference; lastKnownFileType = folder.assetcatalog; path = Assets.xcassets; sourceTree = "<group>"; };
		3BA57F171E3322370002015D /* Base */ = {isa = PBXFileReference; lastKnownFileType = file.storyboard; name = Base; path = Base.lproj/LaunchScreen.storyboard; sourceTree = "<group>"; };
		3BA57F191E3322370002015D /* Base */ = {isa = PBXFileReference; lastKnownFileType = file.storyboard; name = Base; path = Base.lproj/Main.storyboard; sourceTree = "<group>"; };
		3BA57F1A1E3322370002015D /* Info.plist */ = {isa = PBXFileReference; fileEncoding = 4; lastKnownFileType = text.plist.xml; path = Info.plist; sourceTree = "<group>"; };
		3BA57F1C1E3322370002015D /* SongCrypt.xcdatamodel */ = {isa = PBXFileReference; lastKnownFileType = wrapper.xcdatamodel; path = SongCrypt.xcdatamodel; sourceTree = "<group>"; };
		3BA57F1D1E3322370002015D /* SongEncoder.swift */ = {isa = PBXFileReference; fileEncoding = 4; lastKnownFileType = sourcecode.swift; path = SongEncoder.swift; sourceTree = "<group>"; };
		3BA57F1E1E3322370002015D /* ViewController.swift */ = {isa = PBXFileReference; fileEncoding = 4; lastKnownFileType = sourcecode.swift; path = ViewController.swift; sourceTree = "<group>"; };
		3BA57F291E3322420002015D /* SuperpoweredAndroidAudioIO.cpp */ = {isa = PBXFileReference; fileEncoding = 4; lastKnownFileType = sourcecode.cpp.cpp; path = SuperpoweredAndroidAudioIO.cpp; sourceTree = "<group>"; };
		3BA57F2A1E3322420002015D /* SuperpoweredAndroidAudioIO.h */ = {isa = PBXFileReference; fileEncoding = 4; lastKnownFileType = sourcecode.c.h; path = SuperpoweredAndroidAudioIO.h; sourceTree = "<group>"; };
		3BA57F2B1E3322420002015D /* SuperpoweredUSBAudio.h */ = {isa = PBXFileReference; fileEncoding = 4; lastKnownFileType = sourcecode.c.h; path = SuperpoweredUSBAudio.h; sourceTree = "<group>"; };
		3BA57F2C1E3322420002015D /* libSuperpoweredAndroidarm64-v8a.a */ = {isa = PBXFileReference; lastKnownFileType = archive.ar; path = "libSuperpoweredAndroidarm64-v8a.a"; sourceTree = "<group>"; };
		3BA57F2D1E3322420002015D /* libSuperpoweredAndroidarmeabi-v7a.a */ = {isa = PBXFileReference; lastKnownFileType = archive.ar; path = "libSuperpoweredAndroidarmeabi-v7a.a"; sourceTree = "<group>"; };
		3BA57F2E1E3322420002015D /* libSuperpoweredAndroidx86.a */ = {isa = PBXFileReference; lastKnownFileType = archive.ar; path = libSuperpoweredAndroidx86.a; sourceTree = "<group>"; };
		3BA57F2F1E3322420002015D /* libSuperpoweredAndroidx86_64.a */ = {isa = PBXFileReference; lastKnownFileType = archive.ar; path = libSuperpoweredAndroidx86_64.a; sourceTree = "<group>"; };
		3BA57F301E3322420002015D /* libSuperpoweredAudioIOS.a */ = {isa = PBXFileReference; lastKnownFileType = archive.ar; path = libSuperpoweredAudioIOS.a; sourceTree = "<group>"; };
		3BA57F311E3322420002015D /* libSuperpoweredAudioOSX.a */ = {isa = PBXFileReference; lastKnownFileType = archive.ar; path = libSuperpoweredAudioOSX.a; sourceTree = "<group>"; };
		3BA57F321E3322420002015D /* libSuperpoweredAudiotvOS.a */ = {isa = PBXFileReference; lastKnownFileType = archive.ar; path = libSuperpoweredAudiotvOS.a; sourceTree = "<group>"; };
		3BA57F331E3322420002015D /* Superpowered3BandEQ.h */ = {isa = PBXFileReference; fileEncoding = 4; lastKnownFileType = sourcecode.c.h; path = Superpowered3BandEQ.h; sourceTree = "<group>"; };
		3BA57F341E3322420002015D /* SuperpoweredAdvancedAudioPlayer.h */ = {isa = PBXFileReference; fileEncoding = 4; lastKnownFileType = sourcecode.c.h; path = SuperpoweredAdvancedAudioPlayer.h; sourceTree = "<group>"; };
		3BA57F351E3322420002015D /* SuperpoweredAnalyzer.h */ = {isa = PBXFileReference; fileEncoding = 4; lastKnownFileType = sourcecode.c.h; path = SuperpoweredAnalyzer.h; sourceTree = "<group>"; };
		3BA57F361E3322420002015D /* SuperpoweredAudioBuffers.h */ = {isa = PBXFileReference; fileEncoding = 4; lastKnownFileType = sourcecode.c.h; path = SuperpoweredAudioBuffers.h; sourceTree = "<group>"; };
		3BA57F371E3322420002015D /* SuperpoweredBandpassFilterbank.h */ = {isa = PBXFileReference; fileEncoding = 4; lastKnownFileType = sourcecode.c.h; path = SuperpoweredBandpassFilterbank.h; sourceTree = "<group>"; };
		3BA57F381E3322420002015D /* SuperpoweredClipper.h */ = {isa = PBXFileReference; fileEncoding = 4; lastKnownFileType = sourcecode.c.h; path = SuperpoweredClipper.h; sourceTree = "<group>"; };
		3BA57F391E3322420002015D /* SuperpoweredCompressor.h */ = {isa = PBXFileReference; fileEncoding = 4; lastKnownFileType = sourcecode.c.h; path = SuperpoweredCompressor.h; sourceTree = "<group>"; };
		3BA57F3A1E3322420002015D /* SuperpoweredCPU.h */ = {isa = PBXFileReference; fileEncoding = 4; lastKnownFileType = sourcecode.c.h; path = SuperpoweredCPU.h; sourceTree = "<group>"; };
		3BA57F3B1E3322420002015D /* SuperpoweredDecoder.h */ = {isa = PBXFileReference; fileEncoding = 4; lastKnownFileType = sourcecode.c.h; path = SuperpoweredDecoder.h; sourceTree = "<group>"; };
		3BA57F3C1E3322420002015D /* SuperpoweredEcho.h */ = {isa = PBXFileReference; fileEncoding = 4; lastKnownFileType = sourcecode.c.h; path = SuperpoweredEcho.h; sourceTree = "<group>"; };
		3BA57F3D1E3322420002015D /* SuperpoweredFFT.h */ = {isa = PBXFileReference; fileEncoding = 4; lastKnownFileType = sourcecode.c.h; path = SuperpoweredFFT.h; sourceTree = "<group>"; };
		3BA57F3E1E3322420002015D /* SuperpoweredFilter.h */ = {isa = PBXFileReference; fileEncoding = 4; lastKnownFileType = sourcecode.c.h; path = SuperpoweredFilter.h; sourceTree = "<group>"; };
		3BA57F3F1E3322420002015D /* SuperpoweredFlanger.h */ = {isa = PBXFileReference; fileEncoding = 4; lastKnownFileType = sourcecode.c.h; path = SuperpoweredFlanger.h; sourceTree = "<group>"; };
		3BA57F401E3322420002015D /* SuperpoweredFrequencyDomain.h */ = {isa = PBXFileReference; fileEncoding = 4; lastKnownFileType = sourcecode.c.h; path = SuperpoweredFrequencyDomain.h; sourceTree = "<group>"; };
		3BA57F411E3322420002015D /* SuperpoweredFX.h */ = {isa = PBXFileReference; fileEncoding = 4; lastKnownFileType = sourcecode.c.h; path = SuperpoweredFX.h; sourceTree = "<group>"; };
		3BA57F421E3322420002015D /* SuperpoweredGate.h */ = {isa = PBXFileReference; fileEncoding = 4; lastKnownFileType = sourcecode.c.h; path = SuperpoweredGate.h; sourceTree = "<group>"; };
		3BA57F431E3322420002015D /* SuperpoweredIOSAudioIO.h */ = {isa = PBXFileReference; fileEncoding = 4; lastKnownFileType = sourcecode.c.h; path = SuperpoweredIOSAudioIO.h; sourceTree = "<group>"; };
		3BA57F441E3322420002015D /* SuperpoweredIOSAudioIO.mm */ = {isa = PBXFileReference; fileEncoding = 4; lastKnownFileType = sourcecode.cpp.objcpp; path = SuperpoweredIOSAudioIO.mm; sourceTree = "<group>"; };
		3BA57F451E3322420002015D /* SuperpoweredLimiter.h */ = {isa = PBXFileReference; fileEncoding = 4; lastKnownFileType = sourcecode.c.h; path = SuperpoweredLimiter.h; sourceTree = "<group>"; };
		3BA57F461E3322420002015D /* SuperpoweredMixer.h */ = {isa = PBXFileReference; fileEncoding = 4; lastKnownFileType = sourcecode.c.h; path = SuperpoweredMixer.h; sourceTree = "<group>"; };
		3BA57F471E3322420002015D /* SuperpoweredNBandEQ.cpp */ = {isa = PBXFileReference; fileEncoding = 4; lastKnownFileType = sourcecode.cpp.cpp; path = SuperpoweredNBandEQ.cpp; sourceTree = "<group>"; };
		3BA57F481E3322420002015D /* SuperpoweredNBandEQ.h */ = {isa = PBXFileReference; fileEncoding = 4; lastKnownFileType = sourcecode.c.h; path = SuperpoweredNBandEQ.h; sourceTree = "<group>"; };
		3BA57F491E3322420002015D /* SuperpoweredOSXAudioIO.h */ = {isa = PBXFileReference; fileEncoding = 4; lastKnownFileType = sourcecode.c.h; path = SuperpoweredOSXAudioIO.h; sourceTree = "<group>"; };
		3BA57F4A1E3322420002015D /* SuperpoweredOSXAudioIO.mm */ = {isa = PBXFileReference; fileEncoding = 4; lastKnownFileType = sourcecode.cpp.objcpp; path = SuperpoweredOSXAudioIO.mm; sourceTree = "<group>"; };
		3BA57F4B1E3322420002015D /* SuperpoweredRecorder.h */ = {isa = PBXFileReference; fileEncoding = 4; lastKnownFileType = sourcecode.c.h; path = SuperpoweredRecorder.h; sourceTree = "<group>"; };
		3BA57F4C1E3322420002015D /* SuperpoweredResampler.h */ = {isa = PBXFileReference; fileEncoding = 4; lastKnownFileType = sourcecode.c.h; path = SuperpoweredResampler.h; sourceTree = "<group>"; };
		3BA57F4D1E3322420002015D /* SuperpoweredReverb.h */ = {isa = PBXFileReference; fileEncoding = 4; lastKnownFileType = sourcecode.c.h; path = SuperpoweredReverb.h; sourceTree = "<group>"; };
		3BA57F4E1E3322420002015D /* SuperpoweredRoll.h */ = {isa = PBXFileReference; fileEncoding = 4; lastKnownFileType = sourcecode.c.h; path = SuperpoweredRoll.h; sourceTree = "<group>"; };
		3BA57F4F1E3322420002015D /* SuperpoweredSimple.h */ = {isa = PBXFileReference; fileEncoding = 4; lastKnownFileType = sourcecode.c.h; path = SuperpoweredSimple.h; sourceTree = "<group>"; };
		3BA57F501E3322420002015D /* SuperpoweredSpatializer.h */ = {isa = PBXFileReference; fileEncoding = 4; lastKnownFileType = sourcecode.c.h; path = SuperpoweredSpatializer.h; sourceTree = "<group>"; };
		3BA57F511E3322420002015D /* SuperpoweredTimeStretching.h */ = {isa = PBXFileReference; fileEncoding = 4; lastKnownFileType = sourcecode.c.h; path = SuperpoweredTimeStretching.h; sourceTree = "<group>"; };
		3BA57F521E3322420002015D /* SuperpoweredtvOSAudioIO.h */ = {isa = PBXFileReference; fileEncoding = 4; lastKnownFileType = sourcecode.c.h; path = SuperpoweredtvOSAudioIO.h; sourceTree = "<group>"; };
		3BA57F531E3322420002015D /* SuperpoweredtvOSAudioIO.mm */ = {isa = PBXFileReference; fileEncoding = 4; lastKnownFileType = sourcecode.cpp.objcpp; path = SuperpoweredtvOSAudioIO.mm; sourceTree = "<group>"; };
		3BA57F541E3322420002015D /* SuperpoweredWhoosh.h */ = {isa = PBXFileReference; fileEncoding = 4; lastKnownFileType = sourcecode.c.h; path = SuperpoweredWhoosh.h; sourceTree = "<group>"; };
/* End PBXFileReference section */

/* Begin PBXFrameworksBuildPhase section */
		3B9CADBE1E331D54009DBA39 /* Frameworks */ = {
			isa = PBXFrameworksBuildPhase;
			buildActionMask = 2147483647;
			files = (
				3BA57F5C1E3322420002015D /* libSuperpoweredAudiotvOS.a in Frameworks */,
				3BA57F5B1E3322420002015D /* libSuperpoweredAudioOSX.a in Frameworks */,
				3BA57F561E3322420002015D /* libSuperpoweredAndroidarm64-v8a.a in Frameworks */,
				3BA57F591E3322420002015D /* libSuperpoweredAndroidx86_64.a in Frameworks */,
				3BA57F581E3322420002015D /* libSuperpoweredAndroidx86.a in Frameworks */,
				3BA57F5A1E3322420002015D /* libSuperpoweredAudioIOS.a in Frameworks */,
				3BA57F571E3322420002015D /* libSuperpoweredAndroidarmeabi-v7a.a in Frameworks */,
			);
			runOnlyForDeploymentPostprocessing = 0;
		};
/* End PBXFrameworksBuildPhase section */

/* Begin PBXGroup section */
		3B9CADB81E331D54009DBA39 = {
			isa = PBXGroup;
			children = (
				3BA57F271E3322420002015D /* Superpowered */,
				3BA57F131E3322370002015D /* SongCrypt */,
				3B9CADC21E331D54009DBA39 /* Products */,
			);
			sourceTree = "<group>";
		};
		3B9CADC21E331D54009DBA39 /* Products */ = {
			isa = PBXGroup;
			children = (
				3B9CADC11E331D54009DBA39 /* SongCrypt.app */,
			);
			name = Products;
			sourceTree = "<group>";
		};
		3BA57F131E3322370002015D /* SongCrypt */ = {
			isa = PBXGroup;
			children = (
				3BA57F141E3322370002015D /* AppDelegate.swift */,
				3BA57F151E3322370002015D /* Assets.xcassets */,
				3BA57F161E3322370002015D /* LaunchScreen.storyboard */,
				3BA57F181E3322370002015D /* Main.storyboard */,
				3BA57F1A1E3322370002015D /* Info.plist */,
				3BA57F1B1E3322370002015D /* SongCrypt.xcdatamodeld */,
				3BA57F1D1E3322370002015D /* SongEncoder.swift */,
				3BA57F1E1E3322370002015D /* ViewController.swift */,
			);
			path = SongCrypt;
			sourceTree = "<group>";
		};
		3BA57F271E3322420002015D /* Superpowered */ = {
			isa = PBXGroup;
			children = (
				3BA57F281E3322420002015D /* AndroidIO */,
				3BA57F2C1E3322420002015D /* libSuperpoweredAndroidarm64-v8a.a */,
				3BA57F2D1E3322420002015D /* libSuperpoweredAndroidarmeabi-v7a.a */,
				3BA57F2E1E3322420002015D /* libSuperpoweredAndroidx86.a */,
				3BA57F2F1E3322420002015D /* libSuperpoweredAndroidx86_64.a */,
				3BA57F301E3322420002015D /* libSuperpoweredAudioIOS.a */,
				3BA57F311E3322420002015D /* libSuperpoweredAudioOSX.a */,
				3BA57F321E3322420002015D /* libSuperpoweredAudiotvOS.a */,
				3BA57F331E3322420002015D /* Superpowered3BandEQ.h */,
				3BA57F341E3322420002015D /* SuperpoweredAdvancedAudioPlayer.h */,
				3BA57F351E3322420002015D /* SuperpoweredAnalyzer.h */,
				3BA57F361E3322420002015D /* SuperpoweredAudioBuffers.h */,
				3BA57F371E3322420002015D /* SuperpoweredBandpassFilterbank.h */,
				3BA57F381E3322420002015D /* SuperpoweredClipper.h */,
				3BA57F391E3322420002015D /* SuperpoweredCompressor.h */,
				3BA57F3A1E3322420002015D /* SuperpoweredCPU.h */,
				3BA57F3B1E3322420002015D /* SuperpoweredDecoder.h */,
				3BA57F3C1E3322420002015D /* SuperpoweredEcho.h */,
				3BA57F3D1E3322420002015D /* SuperpoweredFFT.h */,
				3BA57F3E1E3322420002015D /* SuperpoweredFilter.h */,
				3BA57F3F1E3322420002015D /* SuperpoweredFlanger.h */,
				3BA57F401E3322420002015D /* SuperpoweredFrequencyDomain.h */,
				3BA57F411E3322420002015D /* SuperpoweredFX.h */,
				3BA57F421E3322420002015D /* SuperpoweredGate.h */,
				3BA57F431E3322420002015D /* SuperpoweredIOSAudioIO.h */,
				3BA57F441E3322420002015D /* SuperpoweredIOSAudioIO.mm */,
				3BA57F451E3322420002015D /* SuperpoweredLimiter.h */,
				3BA57F461E3322420002015D /* SuperpoweredMixer.h */,
				3BA57F471E3322420002015D /* SuperpoweredNBandEQ.cpp */,
				3BA57F481E3322420002015D /* SuperpoweredNBandEQ.h */,
				3BA57F491E3322420002015D /* SuperpoweredOSXAudioIO.h */,
				3BA57F4A1E3322420002015D /* SuperpoweredOSXAudioIO.mm */,
				3BA57F4B1E3322420002015D /* SuperpoweredRecorder.h */,
				3BA57F4C1E3322420002015D /* SuperpoweredResampler.h */,
				3BA57F4D1E3322420002015D /* SuperpoweredReverb.h */,
				3BA57F4E1E3322420002015D /* SuperpoweredRoll.h */,
				3BA57F4F1E3322420002015D /* SuperpoweredSimple.h */,
				3BA57F501E3322420002015D /* SuperpoweredSpatializer.h */,
				3BA57F511E3322420002015D /* SuperpoweredTimeStretching.h */,
				3BA57F521E3322420002015D /* SuperpoweredtvOSAudioIO.h */,
				3BA57F531E3322420002015D /* SuperpoweredtvOSAudioIO.mm */,
				3BA57F541E3322420002015D /* SuperpoweredWhoosh.h */,
			);
			path = Superpowered;
			sourceTree = "<group>";
		};
		3BA57F281E3322420002015D /* AndroidIO */ = {
			isa = PBXGroup;
			children = (
				3BA57F291E3322420002015D /* SuperpoweredAndroidAudioIO.cpp */,
				3BA57F2A1E3322420002015D /* SuperpoweredAndroidAudioIO.h */,
				3BA57F2B1E3322420002015D /* SuperpoweredUSBAudio.h */,
			);
			path = AndroidIO;
			sourceTree = "<group>";
		};
/* End PBXGroup section */

/* Begin PBXNativeTarget section */
		3B9CADC01E331D54009DBA39 /* SongCrypt */ = {
			isa = PBXNativeTarget;
			buildConfigurationList = 3B9CADD61E331D54009DBA39 /* Build configuration list for PBXNativeTarget "SongCrypt" */;
			buildPhases = (
				3B9CADBD1E331D54009DBA39 /* Sources */,
				3B9CADBE1E331D54009DBA39 /* Frameworks */,
				3B9CADBF1E331D54009DBA39 /* Resources */,
			);
			buildRules = (
			);
			dependencies = (
			);
			name = SongCrypt;
			productName = SongCrypt;
			productReference = 3B9CADC11E331D54009DBA39 /* SongCrypt.app */;
			productType = "com.apple.product-type.application";
		};
/* End PBXNativeTarget section */

/* Begin PBXProject section */
		3B9CADB91E331D54009DBA39 /* Project object */ = {
			isa = PBXProject;
			attributes = {
				LastSwiftUpdateCheck = 0820;
				LastUpgradeCheck = 0820;
				ORGANIZATIONNAME = "Ryan Sullivan";
				TargetAttributes = {
					3B9CADC01E331D54009DBA39 = {
						CreatedOnToolsVersion = 8.2.1;
						ProvisioningStyle = Automatic;
					};
				};
			};
			buildConfigurationList = 3B9CADBC1E331D54009DBA39 /* Build configuration list for PBXProject "SongCrypt" */;
			compatibilityVersion = "Xcode 3.2";
			developmentRegion = English;
			hasScannedForEncodings = 0;
			knownRegions = (
				en,
				Base,
			);
			mainGroup = 3B9CADB81E331D54009DBA39;
			productRefGroup = 3B9CADC21E331D54009DBA39 /* Products */;
			projectDirPath = "";
			projectRoot = "";
			targets = (
				3B9CADC01E331D54009DBA39 /* SongCrypt */,
			);
		};
/* End PBXProject section */

/* Begin PBXResourcesBuildPhase section */
		3B9CADBF1E331D54009DBA39 /* Resources */ = {
			isa = PBXResourcesBuildPhase;
			buildActionMask = 2147483647;
			files = (
				3BA57F211E3322370002015D /* LaunchScreen.storyboard in Resources */,
				3BA57F201E3322370002015D /* Assets.xcassets in Resources */,
				3B9CADDC1E332036009DBA39 /* SuperpoweredSDK in Resources */,
				3BA57F231E3322370002015D /* Info.plist in Resources */,
				3BA57F221E3322370002015D /* Main.storyboard in Resources */,
			);
			runOnlyForDeploymentPostprocessing = 0;
		};
/* End PBXResourcesBuildPhase section */

/* Begin PBXSourcesBuildPhase section */
		3B9CADBD1E331D54009DBA39 /* Sources */ = {
			isa = PBXSourcesBuildPhase;
			buildActionMask = 2147483647;
			files = (
				3BA57F551E3322420002015D /* SuperpoweredAndroidAudioIO.cpp in Sources */,
				3BA57F5D1E3322420002015D /* SuperpoweredIOSAudioIO.mm in Sources */,
				3BA57F5F1E3322420002015D /* SuperpoweredOSXAudioIO.mm in Sources */,
				3BA57F1F1E3322370002015D /* AppDelegate.swift in Sources */,
				3BA57F5E1E3322420002015D /* SuperpoweredNBandEQ.cpp in Sources */,
				3BA57F251E3322370002015D /* SongEncoder.swift in Sources */,
				3BA57F601E3322420002015D /* SuperpoweredtvOSAudioIO.mm in Sources */,
				3BA57F261E3322370002015D /* ViewController.swift in Sources */,
				3BA57F241E3322370002015D /* SongCrypt.xcdatamodeld in Sources */,
			);
			runOnlyForDeploymentPostprocessing = 0;
		};
/* End PBXSourcesBuildPhase section */

/* Begin PBXVariantGroup section */
		3BA57F161E3322370002015D /* LaunchScreen.storyboard */ = {
			isa = PBXVariantGroup;
			children = (
				3BA57F171E3322370002015D /* Base */,
			);
			name = LaunchScreen.storyboard;
			sourceTree = "<group>";
		};
		3BA57F181E3322370002015D /* Main.storyboard */ = {
			isa = PBXVariantGroup;
			children = (
				3BA57F191E3322370002015D /* Base */,
			);
			name = Main.storyboard;
			sourceTree = "<group>";
		};
/* End PBXVariantGroup section */

/* Begin XCBuildConfiguration section */
		3B9CADD41E331D54009DBA39 /* Debug */ = {
			isa = XCBuildConfiguration;
			buildSettings = {
				ALWAYS_SEARCH_USER_PATHS = NO;
				CLANG_ANALYZER_NONNULL = YES;
				CLANG_CXX_LANGUAGE_STANDARD = "gnu++0x";
				CLANG_CXX_LIBRARY = "libc++";
				CLANG_ENABLE_MODULES = YES;
				CLANG_ENABLE_OBJC_ARC = YES;
				CLANG_WARN_BOOL_CONVERSION = YES;
				CLANG_WARN_CONSTANT_CONVERSION = YES;
				CLANG_WARN_DIRECT_OBJC_ISA_USAGE = YES_ERROR;
				CLANG_WARN_DOCUMENTATION_COMMENTS = YES;
				CLANG_WARN_EMPTY_BODY = YES;
				CLANG_WARN_ENUM_CONVERSION = YES;
				CLANG_WARN_INFINITE_RECURSION = YES;
				CLANG_WARN_INT_CONVERSION = YES;
				CLANG_WARN_OBJC_ROOT_CLASS = YES_ERROR;
				CLANG_WARN_SUSPICIOUS_MOVE = YES;
				CLANG_WARN_UNREACHABLE_CODE = YES;
				CLANG_WARN__DUPLICATE_METHOD_MATCH = YES;
				"CODE_SIGN_IDENTITY[sdk=iphoneos*]" = "iPhone Developer";
				COPY_PHASE_STRIP = NO;
				DEBUG_INFORMATION_FORMAT = dwarf;
				ENABLE_STRICT_OBJC_MSGSEND = YES;
				ENABLE_TESTABILITY = YES;
				GCC_C_LANGUAGE_STANDARD = gnu99;
				GCC_DYNAMIC_NO_PIC = NO;
				GCC_NO_COMMON_BLOCKS = YES;
				GCC_OPTIMIZATION_LEVEL = 0;
				GCC_PREPROCESSOR_DEFINITIONS = (
					"DEBUG=1",
					"$(inherited)",
				);
				GCC_WARN_64_TO_32_BIT_CONVERSION = YES;
				GCC_WARN_ABOUT_RETURN_TYPE = YES_ERROR;
				GCC_WARN_UNDECLARED_SELECTOR = YES;
				GCC_WARN_UNINITIALIZED_AUTOS = YES_AGGRESSIVE;
				GCC_WARN_UNUSED_FUNCTION = YES;
				GCC_WARN_UNUSED_VARIABLE = YES;
				IPHONEOS_DEPLOYMENT_TARGET = 10.2;
				MTL_ENABLE_DEBUG_INFO = YES;
				ONLY_ACTIVE_ARCH = YES;
				SDKROOT = iphoneos;
				SWIFT_ACTIVE_COMPILATION_CONDITIONS = DEBUG;
				SWIFT_OPTIMIZATION_LEVEL = "-Onone";
				TARGETED_DEVICE_FAMILY = "1,2";
			};
			name = Debug;
		};
		3B9CADD51E331D54009DBA39 /* Release */ = {
			isa = XCBuildConfiguration;
			buildSettings = {
				ALWAYS_SEARCH_USER_PATHS = NO;
				CLANG_ANALYZER_NONNULL = YES;
				CLANG_CXX_LANGUAGE_STANDARD = "gnu++0x";
				CLANG_CXX_LIBRARY = "libc++";
				CLANG_ENABLE_MODULES = YES;
				CLANG_ENABLE_OBJC_ARC = YES;
				CLANG_WARN_BOOL_CONVERSION = YES;
				CLANG_WARN_CONSTANT_CONVERSION = YES;
				CLANG_WARN_DIRECT_OBJC_ISA_USAGE = YES_ERROR;
				CLANG_WARN_DOCUMENTATION_COMMENTS = YES;
				CLANG_WARN_EMPTY_BODY = YES;
				CLANG_WARN_ENUM_CONVERSION = YES;
				CLANG_WARN_INFINITE_RECURSION = YES;
				CLANG_WARN_INT_CONVERSION = YES;
				CLANG_WARN_OBJC_ROOT_CLASS = YES_ERROR;
				CLANG_WARN_SUSPICIOUS_MOVE = YES;
				CLANG_WARN_UNREACHABLE_CODE = YES;
				CLANG_WARN__DUPLICATE_METHOD_MATCH = YES;
				"CODE_SIGN_IDENTITY[sdk=iphoneos*]" = "iPhone Developer";
				COPY_PHASE_STRIP = NO;
				DEBUG_INFORMATION_FORMAT = "dwarf-with-dsym";
				ENABLE_NS_ASSERTIONS = NO;
				ENABLE_STRICT_OBJC_MSGSEND = YES;
				GCC_C_LANGUAGE_STANDARD = gnu99;
				GCC_NO_COMMON_BLOCKS = YES;
				GCC_WARN_64_TO_32_BIT_CONVERSION = YES;
				GCC_WARN_ABOUT_RETURN_TYPE = YES_ERROR;
				GCC_WARN_UNDECLARED_SELECTOR = YES;
				GCC_WARN_UNINITIALIZED_AUTOS = YES_AGGRESSIVE;
				GCC_WARN_UNUSED_FUNCTION = YES;
				GCC_WARN_UNUSED_VARIABLE = YES;
				IPHONEOS_DEPLOYMENT_TARGET = 10.2;
				MTL_ENABLE_DEBUG_INFO = NO;
				SDKROOT = iphoneos;
				SWIFT_OPTIMIZATION_LEVEL = "-Owholemodule";
				TARGETED_DEVICE_FAMILY = "1,2";
				VALIDATE_PRODUCT = YES;
			};
			name = Release;
		};
		3B9CADD71E331D54009DBA39 /* Debug */ = {
			isa = XCBuildConfiguration;
			buildSettings = {
				ASSETCATALOG_COMPILER_APPICON_NAME = AppIcon;
				INFOPLIST_FILE = SongCrypt/Info.plist;
				LD_RUNPATH_SEARCH_PATHS = "$(inherited) @executable_path/Frameworks";
				LIBRARY_SEARCH_PATHS = (
					"$(inherited)",
					"$(PROJECT_DIR)/SuperpoweredSDK/Superpowered",
					"$(PROJECT_DIR)/Superpowered",
				);
				PRODUCT_BUNDLE_IDENTIFIER = com.ryansullivan.SongCrypt;
				PRODUCT_NAME = "$(TARGET_NAME)";
				SWIFT_VERSION = 3.0;
			};
			name = Debug;
		};
		3B9CADD81E331D54009DBA39 /* Release */ = {
			isa = XCBuildConfiguration;
			buildSettings = {
				ASSETCATALOG_COMPILER_APPICON_NAME = AppIcon;
				INFOPLIST_FILE = SongCrypt/Info.plist;
				LD_RUNPATH_SEARCH_PATHS = "$(inherited) @executable_path/Frameworks";
				LIBRARY_SEARCH_PATHS = (
					"$(inherited)",
					"$(PROJECT_DIR)/SuperpoweredSDK/Superpowered",
					"$(PROJECT_DIR)/Superpowered",
				);
				PRODUCT_BUNDLE_IDENTIFIER = com.ryansullivan.SongCrypt;
				PRODUCT_NAME = "$(TARGET_NAME)";
				SWIFT_VERSION = 3.0;
			};
			name = Release;
		};
/* End XCBuildConfiguration section */

/* Begin XCConfigurationList section */
		3B9CADBC1E331D54009DBA39 /* Build configuration list for PBXProject "SongCrypt" */ = {
			isa = XCConfigurationList;
			buildConfigurations = (
				3B9CADD41E331D54009DBA39 /* Debug */,
				3B9CADD51E331D54009DBA39 /* Release */,
			);
			defaultConfigurationIsVisible = 0;
			defaultConfigurationName = Release;
		};
		3B9CADD61E331D54009DBA39 /* Build configuration list for PBXNativeTarget "SongCrypt" */ = {
			isa = XCConfigurationList;
			buildConfigurations = (
				3B9CADD71E331D54009DBA39 /* Debug */,
				3B9CADD81E331D54009DBA39 /* Release */,
			);
			defaultConfigurationIsVisible = 0;
			defaultConfigurationName = Release;
		};
/* End XCConfigurationList section */

/* Begin XCVersionGroup section */
		3BA57F1B1E3322370002015D /* SongCrypt.xcdatamodeld */ = {
			isa = XCVersionGroup;
			children = (
				3BA57F1C1E3322370002015D /* SongCrypt.xcdatamodel */,
			);
			currentVersion = 3BA57F1C1E3322370002015D /* SongCrypt.xcdatamodel */;
			path = SongCrypt.xcdatamodeld;
			sourceTree = "<group>";
			versionGroupType = wrapper.xcdatamodel;
		};
/* End XCVersionGroup section */
	};
	rootObject = 3B9CADB91E331D54009DBA39 /* Project object */;
}
