// !$*UTF8*$!
{
	archiveVersion = 1;
	classes = {
	};
	objectVersion = 46;
	objects = {

/* Begin PBXBuildFile section */
		3B19ED151E3362E9006BBA93 /* SuperpoweredIOSAudioIO.mm in Sources */ = {isa = PBXBuildFile; fileRef = 3B19ED0F1E3362E9006BBA93 /* SuperpoweredIOSAudioIO.mm */; };
		3B19ED221E3365E8006BBA93 /* libSuperpoweredAudioIOS.a in Frameworks */ = {isa = PBXBuildFile; fileRef = 3B19ED061E3362E9006BBA93 /* libSuperpoweredAudioIOS.a */; };
		3B19ED2D1E33667C006BBA93 /* Accelerate.framework in Frameworks */ = {isa = PBXBuildFile; fileRef = 3B19ED241E33667C006BBA93 /* Accelerate.framework */; };
		3B19ED2E1E33667C006BBA93 /* AudioToolbox.framework in Frameworks */ = {isa = PBXBuildFile; fileRef = 3B19ED251E33667C006BBA93 /* AudioToolbox.framework */; };
		3B19ED2F1E33667C006BBA93 /* AVFoundation.framework in Frameworks */ = {isa = PBXBuildFile; fileRef = 3B19ED261E33667C006BBA93 /* AVFoundation.framework */; };
		3B19ED301E33667C006BBA93 /* CoreGraphics.framework in Frameworks */ = {isa = PBXBuildFile; fileRef = 3B19ED271E33667C006BBA93 /* CoreGraphics.framework */; };
		3B19ED311E33667C006BBA93 /* CoreMedia.framework in Frameworks */ = {isa = PBXBuildFile; fileRef = 3B19ED281E33667C006BBA93 /* CoreMedia.framework */; };
		3B19ED321E33667C006BBA93 /* Foundation.framework in Frameworks */ = {isa = PBXBuildFile; fileRef = 3B19ED291E33667C006BBA93 /* Foundation.framework */; };
		3B19ED331E33667C006BBA93 /* MediaPlayer.framework in Frameworks */ = {isa = PBXBuildFile; fileRef = 3B19ED2A1E33667C006BBA93 /* MediaPlayer.framework */; };
		3B19ED341E33667C006BBA93 /* QuartzCore.framework in Frameworks */ = {isa = PBXBuildFile; fileRef = 3B19ED2B1E33667C006BBA93 /* QuartzCore.framework */; };
		3B19ED351E33667C006BBA93 /* UIKit.framework in Frameworks */ = {isa = PBXBuildFile; fileRef = 3B19ED2C1E33667C006BBA93 /* UIKit.framework */; };
		3BA57F1F1E3322370002015D /* AppDelegate.swift in Sources */ = {isa = PBXBuildFile; fileRef = 3BA57F141E3322370002015D /* AppDelegate.swift */; };
		3BA57F201E3322370002015D /* Assets.xcassets in Resources */ = {isa = PBXBuildFile; fileRef = 3BA57F151E3322370002015D /* Assets.xcassets */; };
		3BA57F211E3322370002015D /* LaunchScreen.storyboard in Resources */ = {isa = PBXBuildFile; fileRef = 3BA57F161E3322370002015D /* LaunchScreen.storyboard */; };
		3BA57F221E3322370002015D /* Main.storyboard in Resources */ = {isa = PBXBuildFile; fileRef = 3BA57F181E3322370002015D /* Main.storyboard */; };
		3BA57F241E3322370002015D /* SongCrypt.xcdatamodeld in Sources */ = {isa = PBXBuildFile; fileRef = 3BA57F1B1E3322370002015D /* SongCrypt.xcdatamodeld */; };
		3BA57F251E3322370002015D /* SongEncoder.swift in Sources */ = {isa = PBXBuildFile; fileRef = 3BA57F1D1E3322370002015D /* SongEncoder.swift */; };
		3BA57F261E3322370002015D /* ViewController.swift in Sources */ = {isa = PBXBuildFile; fileRef = 3BA57F1E1E3322370002015D /* ViewController.swift */; };
		3BA57F6F1E3345EC0002015D /* track.mp3 in Resources */ = {isa = PBXBuildFile; fileRef = 3BA57F6E1E3345EC0002015D /* track.mp3 */; };
		3BA57FBD1E3361CD0002015D /* SuperpoweredWrapped.mm in Sources */ = {isa = PBXBuildFile; fileRef = 3BA57F661E3334FF0002015D /* SuperpoweredWrapped.mm */; };
/* End PBXBuildFile section */

/* Begin PBXFileReference section */
		3B19ED061E3362E9006BBA93 /* libSuperpoweredAudioIOS.a */ = {isa = PBXFileReference; lastKnownFileType = archive.ar; path = libSuperpoweredAudioIOS.a; sourceTree = "<group>"; };
		3B19ED071E3362E9006BBA93 /* Superpowered3BandEQ.h */ = {isa = PBXFileReference; fileEncoding = 4; lastKnownFileType = sourcecode.c.h; path = Superpowered3BandEQ.h; sourceTree = "<group>"; };
		3B19ED081E3362E9006BBA93 /* SuperpoweredAdvancedAudioPlayer.h */ = {isa = PBXFileReference; fileEncoding = 4; lastKnownFileType = sourcecode.c.h; path = SuperpoweredAdvancedAudioPlayer.h; sourceTree = "<group>"; };
		3B19ED091E3362E9006BBA93 /* SuperpoweredEcho.h */ = {isa = PBXFileReference; fileEncoding = 4; lastKnownFileType = sourcecode.c.h; path = SuperpoweredEcho.h; sourceTree = "<group>"; };
		3B19ED0A1E3362E9006BBA93 /* SuperpoweredFFT.h */ = {isa = PBXFileReference; fileEncoding = 4; lastKnownFileType = sourcecode.c.h; path = SuperpoweredFFT.h; sourceTree = "<group>"; };
		3B19ED0B1E3362E9006BBA93 /* SuperpoweredFilter.h */ = {isa = PBXFileReference; fileEncoding = 4; lastKnownFileType = sourcecode.c.h; path = SuperpoweredFilter.h; sourceTree = "<group>"; };
		3B19ED0C1E3362E9006BBA93 /* SuperpoweredFlanger.h */ = {isa = PBXFileReference; fileEncoding = 4; lastKnownFileType = sourcecode.c.h; path = SuperpoweredFlanger.h; sourceTree = "<group>"; };
		3B19ED0D1E3362E9006BBA93 /* SuperpoweredFX.h */ = {isa = PBXFileReference; fileEncoding = 4; lastKnownFileType = sourcecode.c.h; path = SuperpoweredFX.h; sourceTree = "<group>"; };
		3B19ED0E1E3362E9006BBA93 /* SuperpoweredIOSAudioIO.h */ = {isa = PBXFileReference; fileEncoding = 4; lastKnownFileType = sourcecode.c.h; path = SuperpoweredIOSAudioIO.h; sourceTree = "<group>"; };
		3B19ED0F1E3362E9006BBA93 /* SuperpoweredIOSAudioIO.mm */ = {isa = PBXFileReference; fileEncoding = 4; lastKnownFileType = sourcecode.cpp.objcpp; path = SuperpoweredIOSAudioIO.mm; sourceTree = "<group>"; };
		3B19ED101E3362E9006BBA93 /* SuperpoweredRecorder.h */ = {isa = PBXFileReference; fileEncoding = 4; lastKnownFileType = sourcecode.c.h; path = SuperpoweredRecorder.h; sourceTree = "<group>"; };
		3B19ED111E3362E9006BBA93 /* SuperpoweredReverb.h */ = {isa = PBXFileReference; fileEncoding = 4; lastKnownFileType = sourcecode.c.h; path = SuperpoweredReverb.h; sourceTree = "<group>"; };
		3B19ED121E3362E9006BBA93 /* SuperpoweredRoll.h */ = {isa = PBXFileReference; fileEncoding = 4; lastKnownFileType = sourcecode.c.h; path = SuperpoweredRoll.h; sourceTree = "<group>"; };
		3B19ED131E3362E9006BBA93 /* SuperpoweredSimple.h */ = {isa = PBXFileReference; fileEncoding = 4; lastKnownFileType = sourcecode.c.h; path = SuperpoweredSimple.h; sourceTree = "<group>"; };
		3B19ED241E33667C006BBA93 /* Accelerate.framework */ = {isa = PBXFileReference; lastKnownFileType = wrapper.framework; name = Accelerate.framework; path = System/Library/Frameworks/Accelerate.framework; sourceTree = SDKROOT; };
		3B19ED251E33667C006BBA93 /* AudioToolbox.framework */ = {isa = PBXFileReference; lastKnownFileType = wrapper.framework; name = AudioToolbox.framework; path = System/Library/Frameworks/AudioToolbox.framework; sourceTree = SDKROOT; };
		3B19ED261E33667C006BBA93 /* AVFoundation.framework */ = {isa = PBXFileReference; lastKnownFileType = wrapper.framework; name = AVFoundation.framework; path = System/Library/Frameworks/AVFoundation.framework; sourceTree = SDKROOT; };
		3B19ED271E33667C006BBA93 /* CoreGraphics.framework */ = {isa = PBXFileReference; lastKnownFileType = wrapper.framework; name = CoreGraphics.framework; path = System/Library/Frameworks/CoreGraphics.framework; sourceTree = SDKROOT; };
		3B19ED281E33667C006BBA93 /* CoreMedia.framework */ = {isa = PBXFileReference; lastKnownFileType = wrapper.framework; name = CoreMedia.framework; path = System/Library/Frameworks/CoreMedia.framework; sourceTree = SDKROOT; };
		3B19ED291E33667C006BBA93 /* Foundation.framework */ = {isa = PBXFileReference; lastKnownFileType = wrapper.framework; name = Foundation.framework; path = System/Library/Frameworks/Foundation.framework; sourceTree = SDKROOT; };
		3B19ED2A1E33667C006BBA93 /* MediaPlayer.framework */ = {isa = PBXFileReference; lastKnownFileType = wrapper.framework; name = MediaPlayer.framework; path = System/Library/Frameworks/MediaPlayer.framework; sourceTree = SDKROOT; };
		3B19ED2B1E33667C006BBA93 /* QuartzCore.framework */ = {isa = PBXFileReference; lastKnownFileType = wrapper.framework; name = QuartzCore.framework; path = System/Library/Frameworks/QuartzCore.framework; sourceTree = SDKROOT; };
		3B19ED2C1E33667C006BBA93 /* UIKit.framework */ = {isa = PBXFileReference; lastKnownFileType = wrapper.framework; name = UIKit.framework; path = System/Library/Frameworks/UIKit.framework; sourceTree = SDKROOT; };
		3B9CADC11E331D54009DBA39 /* SongCrypt.app */ = {isa = PBXFileReference; explicitFileType = wrapper.application; includeInIndex = 0; path = SongCrypt.app; sourceTree = BUILT_PRODUCTS_DIR; };
		3BA57F141E3322370002015D /* AppDelegate.swift */ = {isa = PBXFileReference; fileEncoding = 4; lastKnownFileType = sourcecode.swift; path = AppDelegate.swift; sourceTree = "<group>"; };
		3BA57F151E3322370002015D /* Assets.xcassets */ = {isa = PBXFileReference; lastKnownFileType = folder.assetcatalog; path = Assets.xcassets; sourceTree = "<group>"; };
		3BA57F171E3322370002015D /* Base */ = {isa = PBXFileReference; lastKnownFileType = file.storyboard; name = Base; path = Base.lproj/LaunchScreen.storyboard; sourceTree = "<group>"; };
		3BA57F191E3322370002015D /* Base */ = {isa = PBXFileReference; lastKnownFileType = file.storyboard; name = Base; path = Base.lproj/Main.storyboard; sourceTree = "<group>"; };
		3BA57F1A1E3322370002015D /* Info.plist */ = {isa = PBXFileReference; fileEncoding = 4; lastKnownFileType = text.plist.xml; path = Info.plist; sourceTree = "<group>"; };
		3BA57F1C1E3322370002015D /* SongCrypt.xcdatamodel */ = {isa = PBXFileReference; lastKnownFileType = wrapper.xcdatamodel; path = SongCrypt.xcdatamodel; sourceTree = "<group>"; };
		3BA57F1D1E3322370002015D /* SongEncoder.swift */ = {isa = PBXFileReference; fileEncoding = 4; lastKnownFileType = sourcecode.swift; path = SongEncoder.swift; sourceTree = "<group>"; };
		3BA57F1E1E3322370002015D /* ViewController.swift */ = {isa = PBXFileReference; fileEncoding = 4; lastKnownFileType = sourcecode.swift; path = ViewController.swift; sourceTree = "<group>"; };
		3BA57F661E3334FF0002015D /* SuperpoweredWrapped.mm */ = {isa = PBXFileReference; fileEncoding = 4; lastKnownFileType = sourcecode.cpp.objcpp; path = SuperpoweredWrapped.mm; sourceTree = "<group>"; };
		3BA57F681E33365F0002015D /* SongCrypt-Bridging-Header.h */ = {isa = PBXFileReference; lastKnownFileType = sourcecode.c.h; path = "SongCrypt-Bridging-Header.h"; sourceTree = "<group>"; };
		3BA57F691E333DDF0002015D /* SuperpoweredWrapped.h */ = {isa = PBXFileReference; lastKnownFileType = sourcecode.c.h; path = SuperpoweredWrapped.h; sourceTree = "<group>"; };
		3BA57F6E1E3345EC0002015D /* track.mp3 */ = {isa = PBXFileReference; lastKnownFileType = audio.mp3; path = track.mp3; sourceTree = "<group>"; };
		3BA57F701E3348380002015D /* SongCrypt-Prefix.pch */ = {isa = PBXFileReference; fileEncoding = 4; lastKnownFileType = sourcecode.c.h; path = "SongCrypt-Prefix.pch"; sourceTree = "<group>"; };
/* End PBXFileReference section */

/* Begin PBXFrameworksBuildPhase section */
		3B9CADBE1E331D54009DBA39 /* Frameworks */ = {
			isa = PBXFrameworksBuildPhase;
			buildActionMask = 2147483647;
			files = (
				3B19ED2D1E33667C006BBA93 /* Accelerate.framework in Frameworks */,
				3B19ED2E1E33667C006BBA93 /* AudioToolbox.framework in Frameworks */,
				3B19ED2F1E33667C006BBA93 /* AVFoundation.framework in Frameworks */,
				3B19ED301E33667C006BBA93 /* CoreGraphics.framework in Frameworks */,
				3B19ED311E33667C006BBA93 /* CoreMedia.framework in Frameworks */,
				3B19ED321E33667C006BBA93 /* Foundation.framework in Frameworks */,
				3B19ED331E33667C006BBA93 /* MediaPlayer.framework in Frameworks */,
				3B19ED341E33667C006BBA93 /* QuartzCore.framework in Frameworks */,
				3B19ED351E33667C006BBA93 /* UIKit.framework in Frameworks */,
				3B19ED221E3365E8006BBA93 /* libSuperpoweredAudioIOS.a in Frameworks */,
			);
			runOnlyForDeploymentPostprocessing = 0;
		};
/* End PBXFrameworksBuildPhase section */

/* Begin PBXGroup section */
		3B19ED051E3362E9006BBA93 /* Superpowered */ = {
			isa = PBXGroup;
			children = (
				3B19ED061E3362E9006BBA93 /* libSuperpoweredAudioIOS.a */,
				3B19ED071E3362E9006BBA93 /* Superpowered3BandEQ.h */,
				3B19ED081E3362E9006BBA93 /* SuperpoweredAdvancedAudioPlayer.h */,
				3B19ED091E3362E9006BBA93 /* SuperpoweredEcho.h */,
				3B19ED0A1E3362E9006BBA93 /* SuperpoweredFFT.h */,
				3B19ED0B1E3362E9006BBA93 /* SuperpoweredFilter.h */,
				3B19ED0C1E3362E9006BBA93 /* SuperpoweredFlanger.h */,
				3B19ED0D1E3362E9006BBA93 /* SuperpoweredFX.h */,
				3B19ED0E1E3362E9006BBA93 /* SuperpoweredIOSAudioIO.h */,
				3B19ED0F1E3362E9006BBA93 /* SuperpoweredIOSAudioIO.mm */,
				3B19ED101E3362E9006BBA93 /* SuperpoweredRecorder.h */,
				3B19ED111E3362E9006BBA93 /* SuperpoweredReverb.h */,
				3B19ED121E3362E9006BBA93 /* SuperpoweredRoll.h */,
				3B19ED131E3362E9006BBA93 /* SuperpoweredSimple.h */,
			);
			path = Superpowered;
			sourceTree = "<group>";
		};
		3B19ED231E33667C006BBA93 /* Frameworks */ = {
			isa = PBXGroup;
			children = (
				3B19ED241E33667C006BBA93 /* Accelerate.framework */,
				3B19ED251E33667C006BBA93 /* AudioToolbox.framework */,
				3B19ED261E33667C006BBA93 /* AVFoundation.framework */,
				3B19ED271E33667C006BBA93 /* CoreGraphics.framework */,
				3B19ED281E33667C006BBA93 /* CoreMedia.framework */,
				3B19ED291E33667C006BBA93 /* Foundation.framework */,
				3B19ED2A1E33667C006BBA93 /* MediaPlayer.framework */,
				3B19ED2B1E33667C006BBA93 /* QuartzCore.framework */,
				3B19ED2C1E33667C006BBA93 /* UIKit.framework */,
			);
			name = Frameworks;
			sourceTree = "<group>";
		};
		3B9CADB81E331D54009DBA39 = {
			isa = PBXGroup;
			children = (
				3B19ED051E3362E9006BBA93 /* Superpowered */,
				3BA57F131E3322370002015D /* SongCrypt */,
				3B9CADC21E331D54009DBA39 /* Products */,
				3B19ED231E33667C006BBA93 /* Frameworks */,
			);
			sourceTree = "<group>";
		};
		3B9CADC21E331D54009DBA39 /* Products */ = {
			isa = PBXGroup;
			children = (
				3B9CADC11E331D54009DBA39 /* SongCrypt.app */,
			);
			name = Products;
			sourceTree = "<group>";
		};
		3BA57F131E3322370002015D /* SongCrypt */ = {
			isa = PBXGroup;
			children = (
				3BA57F141E3322370002015D /* AppDelegate.swift */,
				3BA57F151E3322370002015D /* Assets.xcassets */,
				3BA57F1A1E3322370002015D /* Info.plist */,
				3BA57F161E3322370002015D /* LaunchScreen.storyboard */,
				3BA57F181E3322370002015D /* Main.storyboard */,
				3BA57F1B1E3322370002015D /* SongCrypt.xcdatamodeld */,
				3BA57F1D1E3322370002015D /* SongEncoder.swift */,
				3BA57F711E33486D0002015D /* Supporting Files */,
				3BA57F6E1E3345EC0002015D /* track.mp3 */,
				3BA57F6A1E333E3B0002015D /* Wrapped Superpowered Classes */,
				3BA57F1E1E3322370002015D /* ViewController.swift */,
			);
			path = SongCrypt;
			sourceTree = "<group>";
		};
		3BA57F6A1E333E3B0002015D /* Wrapped Superpowered Classes */ = {
			isa = PBXGroup;
			children = (
				3BA57F691E333DDF0002015D /* SuperpoweredWrapped.h */,
				3BA57F661E3334FF0002015D /* SuperpoweredWrapped.mm */,
			);
			name = "Wrapped Superpowered Classes";
			sourceTree = "<group>";
		};
		3BA57F711E33486D0002015D /* Supporting Files */ = {
			isa = PBXGroup;
			children = (
				3BA57F681E33365F0002015D /* SongCrypt-Bridging-Header.h */,
				3BA57F701E3348380002015D /* SongCrypt-Prefix.pch */,
			);
			name = "Supporting Files";
			sourceTree = "<group>";
		};
/* End PBXGroup section */

/* Begin PBXNativeTarget section */
		3B9CADC01E331D54009DBA39 /* SongCrypt */ = {
			isa = PBXNativeTarget;
			buildConfigurationList = 3B9CADD61E331D54009DBA39 /* Build configuration list for PBXNativeTarget "SongCrypt" */;
			buildPhases = (
				3B9CADBD1E331D54009DBA39 /* Sources */,
				3B9CADBE1E331D54009DBA39 /* Frameworks */,
				3B9CADBF1E331D54009DBA39 /* Resources */,
			);
			buildRules = (
			);
			dependencies = (
			);
			name = SongCrypt;
			productName = SongCrypt;
			productReference = 3B9CADC11E331D54009DBA39 /* SongCrypt.app */;
			productType = "com.apple.product-type.application";
		};
/* End PBXNativeTarget section */

/* Begin PBXProject section */
		3B9CADB91E331D54009DBA39 /* Project object */ = {
			isa = PBXProject;
			attributes = {
				LastSwiftUpdateCheck = 0820;
				LastUpgradeCheck = 0820;
				ORGANIZATIONNAME = "Ryan Sullivan";
				TargetAttributes = {
					3B9CADC01E331D54009DBA39 = {
						CreatedOnToolsVersion = 8.2.1;
						DevelopmentTeam = 9XWYL3K4YT;
						ProvisioningStyle = Automatic;
					};
				};
			};
			buildConfigurationList = 3B9CADBC1E331D54009DBA39 /* Build configuration list for PBXProject "SongCrypt" */;
			compatibilityVersion = "Xcode 3.2";
			developmentRegion = English;
			hasScannedForEncodings = 0;
			knownRegions = (
				en,
				Base,
			);
			mainGroup = 3B9CADB81E331D54009DBA39;
			productRefGroup = 3B9CADC21E331D54009DBA39 /* Products */;
			projectDirPath = "";
			projectRoot = "";
			targets = (
				3B9CADC01E331D54009DBA39 /* SongCrypt */,
			);
		};
/* End PBXProject section */

/* Begin PBXResourcesBuildPhase section */
		3B9CADBF1E331D54009DBA39 /* Resources */ = {
			isa = PBXResourcesBuildPhase;
			buildActionMask = 2147483647;
			files = (
				3BA57F211E3322370002015D /* LaunchScreen.storyboard in Resources */,
				3BA57F201E3322370002015D /* Assets.xcassets in Resources */,
				3BA57F6F1E3345EC0002015D /* track.mp3 in Resources */,
				3BA57F221E3322370002015D /* Main.storyboard in Resources */,
			);
			runOnlyForDeploymentPostprocessing = 0;
		};
/* End PBXResourcesBuildPhase section */

/* Begin PBXSourcesBuildPhase section */
		3B9CADBD1E331D54009DBA39 /* Sources */ = {
			isa = PBXSourcesBuildPhase;
			buildActionMask = 2147483647;
			files = (
				3BA57FBD1E3361CD0002015D /* SuperpoweredWrapped.mm in Sources */,
				3BA57F1F1E3322370002015D /* AppDelegate.swift in Sources */,
				3BA57F251E3322370002015D /* SongEncoder.swift in Sources */,
				3BA57F261E3322370002015D /* ViewController.swift in Sources */,
				3B19ED151E3362E9006BBA93 /* SuperpoweredIOSAudioIO.mm in Sources */,
				3BA57F241E3322370002015D /* SongCrypt.xcdatamodeld in Sources */,
			);
			runOnlyForDeploymentPostprocessing = 0;
		};
/* End PBXSourcesBuildPhase section */

/* Begin PBXVariantGroup section */
		3BA57F161E3322370002015D /* LaunchScreen.storyboard */ = {
			isa = PBXVariantGroup;
			children = (
				3BA57F171E3322370002015D /* Base */,
			);
			name = LaunchScreen.storyboard;
			sourceTree = "<group>";
		};
		3BA57F181E3322370002015D /* Main.storyboard */ = {
			isa = PBXVariantGroup;
			children = (
				3BA57F191E3322370002015D /* Base */,
			);
			name = Main.storyboard;
			sourceTree = "<group>";
		};
/* End PBXVariantGroup section */

/* Begin XCBuildConfiguration section */
		3B9CADD41E331D54009DBA39 /* Debug */ = {
			isa = XCBuildConfiguration;
			buildSettings = {
				ALWAYS_SEARCH_USER_PATHS = NO;
				CLANG_ANALYZER_NONNULL = YES;
				CLANG_CXX_LANGUAGE_STANDARD = "gnu++0x";
				CLANG_CXX_LIBRARY = "libc++";
				CLANG_ENABLE_MODULES = YES;
				CLANG_ENABLE_OBJC_ARC = YES;
				CLANG_WARN_BOOL_CONVERSION = YES;
				CLANG_WARN_CONSTANT_CONVERSION = YES;
				CLANG_WARN_DIRECT_OBJC_ISA_USAGE = YES_ERROR;
				CLANG_WARN_DOCUMENTATION_COMMENTS = YES;
				CLANG_WARN_EMPTY_BODY = YES;
				CLANG_WARN_ENUM_CONVERSION = YES;
				CLANG_WARN_INFINITE_RECURSION = YES;
				CLANG_WARN_INT_CONVERSION = YES;
				CLANG_WARN_OBJC_ROOT_CLASS = YES_ERROR;
				CLANG_WARN_SUSPICIOUS_MOVE = YES;
				CLANG_WARN_UNREACHABLE_CODE = YES;
				CLANG_WARN__DUPLICATE_METHOD_MATCH = YES;
				"CODE_SIGN_IDENTITY[sdk=iphoneos*]" = "iPhone Developer";
				COPY_PHASE_STRIP = NO;
				DEBUG_INFORMATION_FORMAT = dwarf;
				ENABLE_STRICT_OBJC_MSGSEND = YES;
				ENABLE_TESTABILITY = YES;
				GCC_C_LANGUAGE_STANDARD = gnu99;
				GCC_DYNAMIC_NO_PIC = NO;
				GCC_NO_COMMON_BLOCKS = YES;
				GCC_OPTIMIZATION_LEVEL = 0;
				GCC_PREPROCESSOR_DEFINITIONS = (
					"DEBUG=1",
					"$(inherited)",
				);
				GCC_WARN_64_TO_32_BIT_CONVERSION = YES;
				GCC_WARN_ABOUT_RETURN_TYPE = YES_ERROR;
				GCC_WARN_UNDECLARED_SELECTOR = YES;
				GCC_WARN_UNINITIALIZED_AUTOS = YES_AGGRESSIVE;
				GCC_WARN_UNUSED_FUNCTION = YES;
				GCC_WARN_UNUSED_VARIABLE = YES;
				IPHONEOS_DEPLOYMENT_TARGET = 10.2;
				MTL_ENABLE_DEBUG_INFO = YES;
				ONLY_ACTIVE_ARCH = YES;
				SDKROOT = iphoneos10.2;
				SWIFT_ACTIVE_COMPILATION_CONDITIONS = DEBUG;
				SWIFT_OPTIMIZATION_LEVEL = "-Onone";
				TARGETED_DEVICE_FAMILY = "1,2";
			};
			name = Debug;
		};
		3B9CADD51E331D54009DBA39 /* Release */ = {
			isa = XCBuildConfiguration;
			buildSettings = {
				ALWAYS_SEARCH_USER_PATHS = NO;
				CLANG_ANALYZER_NONNULL = YES;
				CLANG_CXX_LANGUAGE_STANDARD = "gnu++0x";
				CLANG_CXX_LIBRARY = "libc++";
				CLANG_ENABLE_MODULES = YES;
				CLANG_ENABLE_OBJC_ARC = YES;
				CLANG_WARN_BOOL_CONVERSION = YES;
				CLANG_WARN_CONSTANT_CONVERSION = YES;
				CLANG_WARN_DIRECT_OBJC_ISA_USAGE = YES_ERROR;
				CLANG_WARN_DOCUMENTATION_COMMENTS = YES;
				CLANG_WARN_EMPTY_BODY = YES;
				CLANG_WARN_ENUM_CONVERSION = YES;
				CLANG_WARN_INFINITE_RECURSION = YES;
				CLANG_WARN_INT_CONVERSION = YES;
				CLANG_WARN_OBJC_ROOT_CLASS = YES_ERROR;
				CLANG_WARN_SUSPICIOUS_MOVE = YES;
				CLANG_WARN_UNREACHABLE_CODE = YES;
				CLANG_WARN__DUPLICATE_METHOD_MATCH = YES;
				"CODE_SIGN_IDENTITY[sdk=iphoneos*]" = "iPhone Developer";
				COPY_PHASE_STRIP = NO;
				DEBUG_INFORMATION_FORMAT = "dwarf-with-dsym";
				ENABLE_NS_ASSERTIONS = NO;
				ENABLE_STRICT_OBJC_MSGSEND = YES;
				GCC_C_LANGUAGE_STANDARD = gnu99;
				GCC_NO_COMMON_BLOCKS = YES;
				GCC_WARN_64_TO_32_BIT_CONVERSION = YES;
				GCC_WARN_ABOUT_RETURN_TYPE = YES_ERROR;
				GCC_WARN_UNDECLARED_SELECTOR = YES;
				GCC_WARN_UNINITIALIZED_AUTOS = YES_AGGRESSIVE;
				GCC_WARN_UNUSED_FUNCTION = YES;
				GCC_WARN_UNUSED_VARIABLE = YES;
				IPHONEOS_DEPLOYMENT_TARGET = 10.2;
				MTL_ENABLE_DEBUG_INFO = NO;
				ONLY_ACTIVE_ARCH = NO;
				SDKROOT = iphoneos10.2;
				SWIFT_OPTIMIZATION_LEVEL = "-Owholemodule";
				TARGETED_DEVICE_FAMILY = "1,2";
				VALIDATE_PRODUCT = YES;
			};
			name = Release;
		};
		3B9CADD71E331D54009DBA39 /* Debug */ = {
			isa = XCBuildConfiguration;
			buildSettings = {
				ASSETCATALOG_COMPILER_APPICON_NAME = AppIcon;
				DEVELOPMENT_TEAM = 9XWYL3K4YT;
				GCC_PRECOMPILE_PREFIX_HEADER = NO;
				GCC_PREFIX_HEADER = "SongCrypt/SongCrypt-Prefix.pch";
				INFOPLIST_FILE = SongCrypt/Info.plist;
				LD_RUNPATH_SEARCH_PATHS = "$(inherited) @executable_path/Frameworks";
				LIBRARY_SEARCH_PATHS = (
					"$(inherited)",
					"$(PROJECT_DIR)/Superpowered",
					"$(PROJECT_DIR)",
				);
				ONLY_ACTIVE_ARCH = YES;
				OTHER_LDFLAGS = "$(inherited)";
				PRODUCT_BUNDLE_IDENTIFIER = com.ryansullivan.SongCrypt;
				PRODUCT_NAME = "$(TARGET_NAME)";
				SWIFT_OBJC_BRIDGING_HEADER = "SongCrypt/SongCrypt-Bridging-Header.h";
				SWIFT_VERSION = 3.0;
			};
			name = Debug;
		};
		3B9CADD81E331D54009DBA39 /* Release */ = {
			isa = XCBuildConfiguration;
			buildSettings = {
				ASSETCATALOG_COMPILER_APPICON_NAME = AppIcon;
				DEVELOPMENT_TEAM = 9XWYL3K4YT;
				GCC_PRECOMPILE_PREFIX_HEADER = NO;
				GCC_PREFIX_HEADER = "SongCrypt/SongCrypt-Prefix.pch";
				INFOPLIST_FILE = SongCrypt/Info.plist;
				LD_RUNPATH_SEARCH_PATHS = "$(inherited) @executable_path/Frameworks";
				LIBRARY_SEARCH_PATHS = (
					"$(inherited)",
					"$(PROJECT_DIR)/Superpowered",
					"$(PROJECT_DIR)",
				);
				ONLY_ACTIVE_ARCH = YES;
				OTHER_LDFLAGS = "$(inherited)";
				PRODUCT_BUNDLE_IDENTIFIER = com.ryansullivan.SongCrypt;
				PRODUCT_NAME = "$(TARGET_NAME)";
				SWIFT_OBJC_BRIDGING_HEADER = "SongCrypt/SongCrypt-Bridging-Header.h";
				SWIFT_VERSION = 3.0;
			};
			name = Release;
		};
/* End XCBuildConfiguration section */

/* Begin XCConfigurationList section */
		3B9CADBC1E331D54009DBA39 /* Build configuration list for PBXProject "SongCrypt" */ = {
			isa = XCConfigurationList;
			buildConfigurations = (
				3B9CADD41E331D54009DBA39 /* Debug */,
				3B9CADD51E331D54009DBA39 /* Release */,
			);
			defaultConfigurationIsVisible = 0;
			defaultConfigurationName = Release;
		};
		3B9CADD61E331D54009DBA39 /* Build configuration list for PBXNativeTarget "SongCrypt" */ = {
			isa = XCConfigurationList;
			buildConfigurations = (
				3B9CADD71E331D54009DBA39 /* Debug */,
				3B9CADD81E331D54009DBA39 /* Release */,
			);
			defaultConfigurationIsVisible = 0;
			defaultConfigurationName = Release;
		};
/* End XCConfigurationList section */

/* Begin XCVersionGroup section */
		3BA57F1B1E3322370002015D /* SongCrypt.xcdatamodeld */ = {
			isa = XCVersionGroup;
			children = (
				3BA57F1C1E3322370002015D /* SongCrypt.xcdatamodel */,
			);
			currentVersion = 3BA57F1C1E3322370002015D /* SongCrypt.xcdatamodel */;
			path = SongCrypt.xcdatamodeld;
			sourceTree = "<group>";
			versionGroupType = wrapper.xcdatamodel;
		};
/* End XCVersionGroup section */
	};
	rootObject = 3B9CADB91E331D54009DBA39 /* Project object */;
}
